
Microsoft Visual Studio Solution File, Format Version 12.00
# Visual Studio Version 17
VisualStudioVersion = 17.3.32819.101
MinimumVisualStudioVersion = 10.0.40219.1
Project("{FAE04EC0-301F-11D3-BF4B-00C04F79EFBC}") = "Lab4", "Lab4\Lab4.csproj", "{D090FC2A-93D5-42D2-9CB0-4F894D71B374}"
EndProject
Global
	GlobalSection(SolutionConfigurationPlatforms) = preSolution
		Debug|Any CPU = Debug|Any CPU
		Release|Any CPU = Release|Any CPU
	EndGlobalSection
	GlobalSection(ProjectConfigurationPlatforms) = postSolution
		{D090FC2A-93D5-42D2-9CB0-4F894D71B374}.Debug|Any CPU.ActiveCfg = Debug|Any CPU
		{D090FC2A-93D5-42D2-9CB0-4F894D71B374}.Debug|Any CPU.Build.0 = Debug|Any CPU
		{D090FC2A-93D5-42D2-9CB0-4F894D71B374}.Release|Any CPU.ActiveCfg = Release|Any CPU
		{D090FC2A-93D5-42D2-9CB0-4F894D71B374}.Release|Any CPU.Build.0 = Release|Any CPU
	EndGlobalSection
	GlobalSection(SolutionProperties) = preSolution
		HideSolutionNode = FALSE
	EndGlobalSection
	GlobalSection(ExtensibilityGlobals) = postSolution
		SolutionGuid = {CF97DC67-0E58-46C1-A86C-E101A9A487AD}
	EndGlobalSection
EndGlobal
